
Microsoft Visual Studio Solution File, Format Version 12.00
# Visual Studio Version 17
VisualStudioVersion = 17.13.35931.197 d17.13
MinimumVisualStudioVersion = 10.0.40219.1
Project("{FAE04EC0-301F-11D3-BF4B-00C04F79EFBC}") = "RobotToySimulator", "RobotToySimulator.csproj", "{302A8B31-FFE5-46E2-B49B-AB53FF1595FE}"
EndProject
Project("{FAE04EC0-301F-11D3-BF4B-00C04F79EFBC}") = "RobotToySimulator.Tests", "..\RobotToySimulator.Tests\RobotToySimulator.Tests.csproj", "{455F26CC-175E-442C-8344-8714DB6D79C1}"
EndProject
Global
	GlobalSection(SolutionConfigurationPlatforms) = preSolution
		Debug|Any CPU = Debug|Any CPU
		Release|Any CPU = Release|Any CPU
	EndGlobalSection
	GlobalSection(ProjectConfigurationPlatforms) = postSolution
		{302A8B31-FFE5-46E2-B49B-AB53FF1595FE}.Debug|Any CPU.ActiveCfg = Debug|Any CPU
		{302A8B31-FFE5-46E2-B49B-AB53FF1595FE}.Debug|Any CPU.Build.0 = Debug|Any CPU
		{302A8B31-FFE5-46E2-B49B-AB53FF1595FE}.Release|Any CPU.ActiveCfg = Release|Any CPU
		{302A8B31-FFE5-46E2-B49B-AB53FF1595FE}.Release|Any CPU.Build.0 = Release|Any CPU
		{455F26CC-175E-442C-8344-8714DB6D79C1}.Debug|Any CPU.ActiveCfg = Debug|Any CPU
		{455F26CC-175E-442C-8344-8714DB6D79C1}.Debug|Any CPU.Build.0 = Debug|Any CPU
		{455F26CC-175E-442C-8344-8714DB6D79C1}.Release|Any CPU.ActiveCfg = Release|Any CPU
		{455F26CC-175E-442C-8344-8714DB6D79C1}.Release|Any CPU.Build.0 = Release|Any CPU
	EndGlobalSection
	GlobalSection(SolutionProperties) = preSolution
		HideSolutionNode = FALSE
	EndGlobalSection
	GlobalSection(ExtensibilityGlobals) = postSolution
		SolutionGuid = {ECA58730-0F56-464A-A4DB-068A7B126C82}
	EndGlobalSection
EndGlobal
